{
    "_meta": {
        "hash": {
            "sha256": "ef89d1a7b08ee44f7e65a9c20323eb62c8d426df505ec24d3b17342e165386fa"
        },
        "pipfile-spec": 6,
        "requires": {
            "python_version": "2.7"
        },
        "sources": [
            {
                "name": "pypi",
                "url": "https://pypi.org/simple",
                "verify_ssl": true
            }
        ]
    },
    "default": {
        "virtualenv": {
            "hashes": [
                "sha256:11cb4608930d5fd3afb545ecf8db83fa50e1f96fc4fca80c94b07d2c83146589",
                "sha256:d257bb3773e48cac60e475a19b608996c73f4d333b3ba2e4e57d5ac6134e0136"
            ],
            "index": "pypi",
            "version": "==16.7.7"
        }
    },
    "develop": {}
}
